// !$*UTF8*$!
{
	archiveVersion = 1;
	classes = {
	};
	objectVersion = 55;
	objects = {

/* Begin PBXBuildFile section */
		D0269F0828BEFD57007272EE /* SectionDecorationViewController.swift in Sources */ = {isa = PBXBuildFile; fileRef = D0269F0728BEFD57007272EE /* SectionDecorationViewController.swift */; };
		D0269F0A28BEFD95007272EE /* SectionBackgroundDecorationView.swift in Sources */ = {isa = PBXBuildFile; fileRef = D0269F0928BEFD95007272EE /* SectionBackgroundDecorationView.swift */; };
		D0C412BD28BC94B100590712 /* MainCollectionViewTableViewController.swift in Sources */ = {isa = PBXBuildFile; fileRef = D0C412BC28BC94B100590712 /* MainCollectionViewTableViewController.swift */; };
		D0C412C028BC98F000590712 /* TextCell.swift in Sources */ = {isa = PBXBuildFile; fileRef = D0C412BF28BC98F000590712 /* TextCell.swift */; };
		D0C412C228BCB8C600590712 /* DistinctSectionsViewController.swift in Sources */ = {isa = PBXBuildFile; fileRef = D0C412C128BCB8C600590712 /* DistinctSectionsViewController.swift */; };
		D0C412C428BCB8FF00590712 /* ListCell.swift in Sources */ = {isa = PBXBuildFile; fileRef = D0C412C328BCB8FF00590712 /* ListCell.swift */; };
		D0DE375328BE069B00B361E2 /* SectionHeadersFootersViewController.swift in Sources */ = {isa = PBXBuildFile; fileRef = D0DE375228BE069B00B361E2 /* SectionHeadersFootersViewController.swift */; };
		D0DE375528BE06C700B361E2 /* TitleSupplementaryView.swift in Sources */ = {isa = PBXBuildFile; fileRef = D0DE375428BE06C700B361E2 /* TitleSupplementaryView.swift */; };
		D0ECEE5A28BC8F680085F554 /* AppDelegate.swift in Sources */ = {isa = PBXBuildFile; fileRef = D0ECEE5928BC8F680085F554 /* AppDelegate.swift */; };
		D0ECEE5C28BC8F680085F554 /* SceneDelegate.swift in Sources */ = {isa = PBXBuildFile; fileRef = D0ECEE5B28BC8F680085F554 /* SceneDelegate.swift */; };
		D0ECEE6328BC8F690085F554 /* Assets.xcassets in Resources */ = {isa = PBXBuildFile; fileRef = D0ECEE6228BC8F690085F554 /* Assets.xcassets */; };
		D0ECEE6628BC8F690085F554 /* LaunchScreen.storyboard in Resources */ = {isa = PBXBuildFile; fileRef = D0ECEE6428BC8F690085F554 /* LaunchScreen.storyboard */; };
		D0ECEE6E28BC8FDB0085F554 /* MainTableViewController.swift in Sources */ = {isa = PBXBuildFile; fileRef = D0ECEE6D28BC8FDB0085F554 /* MainTableViewController.swift */; };
		D0ECEE7128BC90530085F554 /* GridViewController.swift in Sources */ = {isa = PBXBuildFile; fileRef = D0ECEE7028BC90530085F554 /* GridViewController.swift */; };
/* End PBXBuildFile section */

/* Begin PBXFileReference section */
		D0269F0728BEFD57007272EE /* SectionDecorationViewController.swift */ = {isa = PBXFileReference; lastKnownFileType = sourcecode.swift; path = SectionDecorationViewController.swift; sourceTree = "<group>"; };
		D0269F0928BEFD95007272EE /* SectionBackgroundDecorationView.swift */ = {isa = PBXFileReference; lastKnownFileType = sourcecode.swift; path = SectionBackgroundDecorationView.swift; sourceTree = "<group>"; };
		D0C412BC28BC94B100590712 /* MainCollectionViewTableViewController.swift */ = {isa = PBXFileReference; lastKnownFileType = sourcecode.swift; path = MainCollectionViewTableViewController.swift; sourceTree = "<group>"; };
		D0C412BF28BC98F000590712 /* TextCell.swift */ = {isa = PBXFileReference; lastKnownFileType = sourcecode.swift; path = TextCell.swift; sourceTree = "<group>"; };
		D0C412C128BCB8C600590712 /* DistinctSectionsViewController.swift */ = {isa = PBXFileReference; lastKnownFileType = sourcecode.swift; path = DistinctSectionsViewController.swift; sourceTree = "<group>"; };
		D0C412C328BCB8FF00590712 /* ListCell.swift */ = {isa = PBXFileReference; lastKnownFileType = sourcecode.swift; path = ListCell.swift; sourceTree = "<group>"; };
		D0DE375228BE069B00B361E2 /* SectionHeadersFootersViewController.swift */ = {isa = PBXFileReference; lastKnownFileType = sourcecode.swift; path = SectionHeadersFootersViewController.swift; sourceTree = "<group>"; };
		D0DE375428BE06C700B361E2 /* TitleSupplementaryView.swift */ = {isa = PBXFileReference; lastKnownFileType = sourcecode.swift; path = TitleSupplementaryView.swift; sourceTree = "<group>"; };
		D0ECEE5628BC8F680085F554 /* iOSTrainning.app */ = {isa = PBXFileReference; explicitFileType = wrapper.application; includeInIndex = 0; path = iOSTrainning.app; sourceTree = BUILT_PRODUCTS_DIR; };
		D0ECEE5928BC8F680085F554 /* AppDelegate.swift */ = {isa = PBXFileReference; lastKnownFileType = sourcecode.swift; path = AppDelegate.swift; sourceTree = "<group>"; };
		D0ECEE5B28BC8F680085F554 /* SceneDelegate.swift */ = {isa = PBXFileReference; lastKnownFileType = sourcecode.swift; path = SceneDelegate.swift; sourceTree = "<group>"; };
		D0ECEE6228BC8F690085F554 /* Assets.xcassets */ = {isa = PBXFileReference; lastKnownFileType = folder.assetcatalog; path = Assets.xcassets; sourceTree = "<group>"; };
		D0ECEE6528BC8F690085F554 /* Base */ = {isa = PBXFileReference; lastKnownFileType = file.storyboard; name = Base; path = Base.lproj/LaunchScreen.storyboard; sourceTree = "<group>"; };
		D0ECEE6728BC8F690085F554 /* Info.plist */ = {isa = PBXFileReference; lastKnownFileType = text.plist.xml; path = Info.plist; sourceTree = "<group>"; };
		D0ECEE6D28BC8FDB0085F554 /* MainTableViewController.swift */ = {isa = PBXFileReference; lastKnownFileType = sourcecode.swift; path = MainTableViewController.swift; sourceTree = "<group>"; };
		D0ECEE7028BC90530085F554 /* GridViewController.swift */ = {isa = PBXFileReference; lastKnownFileType = sourcecode.swift; path = GridViewController.swift; sourceTree = "<group>"; };
/* End PBXFileReference section */

/* Begin PBXFrameworksBuildPhase section */
		D0ECEE5328BC8F680085F554 /* Frameworks */ = {
			isa = PBXFrameworksBuildPhase;
			buildActionMask = 2147483647;
			files = (
			);
			runOnlyForDeploymentPostprocessing = 0;
		};
/* End PBXFrameworksBuildPhase section */

/* Begin PBXGroup section */
		D0C412BE28BC98A800590712 /* CustomViews */ = {
			isa = PBXGroup;
			children = (
				D0C412BF28BC98F000590712 /* TextCell.swift */,
				D0C412C328BCB8FF00590712 /* ListCell.swift */,
				D0DE375428BE06C700B361E2 /* TitleSupplementaryView.swift */,
				D0269F0928BEFD95007272EE /* SectionBackgroundDecorationView.swift */,
			);
			path = CustomViews;
			sourceTree = "<group>";
		};
		D0ECEE4D28BC8F680085F554 = {
			isa = PBXGroup;
			children = (
				D0ECEE5828BC8F680085F554 /* iOSTrainning */,
				D0ECEE5728BC8F680085F554 /* Products */,
			);
			sourceTree = "<group>";
		};
		D0ECEE5728BC8F680085F554 /* Products */ = {
			isa = PBXGroup;
			children = (
				D0ECEE5628BC8F680085F554 /* iOSTrainning.app */,
			);
			name = Products;
			sourceTree = "<group>";
		};
		D0ECEE5828BC8F680085F554 /* iOSTrainning */ = {
			isa = PBXGroup;
			children = (
				D0ECEE7228BC906C0085F554 /* Utils */,
				D0ECEE6F28BC900C0085F554 /* CollectionView */,
				D0C412BE28BC98A800590712 /* CustomViews */,
				D0ECEE6728BC8F690085F554 /* Info.plist */,
			);
			path = iOSTrainning;
			sourceTree = "<group>";
		};
		D0ECEE6F28BC900C0085F554 /* CollectionView */ = {
			isa = PBXGroup;
			children = (
				D0C412BC28BC94B100590712 /* MainCollectionViewTableViewController.swift */,
				D0ECEE7028BC90530085F554 /* GridViewController.swift */,
				D0C412C128BCB8C600590712 /* DistinctSectionsViewController.swift */,
				D0DE375228BE069B00B361E2 /* SectionHeadersFootersViewController.swift */,
				D0269F0728BEFD57007272EE /* SectionDecorationViewController.swift */,
			);
			path = CollectionView;
			sourceTree = "<group>";
		};
		D0ECEE7228BC906C0085F554 /* Utils */ = {
			isa = PBXGroup;
			children = (
				D0ECEE5B28BC8F680085F554 /* SceneDelegate.swift */,
				D0ECEE5928BC8F680085F554 /* AppDelegate.swift */,
				D0ECEE6D28BC8FDB0085F554 /* MainTableViewController.swift */,
				D0ECEE6428BC8F690085F554 /* LaunchScreen.storyboard */,
				D0ECEE6228BC8F690085F554 /* Assets.xcassets */,
			);
			path = Utils;
			sourceTree = "<group>";
		};
/* End PBXGroup section */

/* Begin PBXNativeTarget section */
		D0ECEE5528BC8F680085F554 /* iOSTrainning */ = {
			isa = PBXNativeTarget;
			buildConfigurationList = D0ECEE6A28BC8F690085F554 /* Build configuration list for PBXNativeTarget "iOSTrainning" */;
			buildPhases = (
				D0ECEE5228BC8F680085F554 /* Sources */,
				D0ECEE5328BC8F680085F554 /* Frameworks */,
				D0ECEE5428BC8F680085F554 /* Resources */,
			);
			buildRules = (
			);
			dependencies = (
			);
			name = iOSTrainning;
			productName = iOSTrainning;
			productReference = D0ECEE5628BC8F680085F554 /* iOSTrainning.app */;
			productType = "com.apple.product-type.application";
		};
/* End PBXNativeTarget section */

/* Begin PBXProject section */
		D0ECEE4E28BC8F680085F554 /* Project object */ = {
			isa = PBXProject;
			attributes = {
				BuildIndependentTargetsInParallel = 1;
				LastSwiftUpdateCheck = 1340;
				LastUpgradeCheck = 1340;
				TargetAttributes = {
					D0ECEE5528BC8F680085F554 = {
						CreatedOnToolsVersion = 13.4.1;
					};
				};
			};
			buildConfigurationList = D0ECEE5128BC8F680085F554 /* Build configuration list for PBXProject "iOSTrainning" */;
			compatibilityVersion = "Xcode 13.0";
			developmentRegion = en;
			hasScannedForEncodings = 0;
			knownRegions = (
				en,
				Base,
			);
			mainGroup = D0ECEE4D28BC8F680085F554;
			productRefGroup = D0ECEE5728BC8F680085F554 /* Products */;
			projectDirPath = "";
			projectRoot = "";
			targets = (
				D0ECEE5528BC8F680085F554 /* iOSTrainning */,
			);
		};
/* End PBXProject section */

/* Begin PBXResourcesBuildPhase section */
		D0ECEE5428BC8F680085F554 /* Resources */ = {
			isa = PBXResourcesBuildPhase;
			buildActionMask = 2147483647;
			files = (
				D0ECEE6628BC8F690085F554 /* LaunchScreen.storyboard in Resources */,
				D0ECEE6328BC8F690085F554 /* Assets.xcassets in Resources */,
			);
			runOnlyForDeploymentPostprocessing = 0;
		};
/* End PBXResourcesBuildPhase section */

/* Begin PBXSourcesBuildPhase section */
		D0ECEE5228BC8F680085F554 /* Sources */ = {
			isa = PBXSourcesBuildPhase;
			buildActionMask = 2147483647;
			files = (
				D0ECEE6E28BC8FDB0085F554 /* MainTableViewController.swift in Sources */,
				D0ECEE7128BC90530085F554 /* GridViewController.swift in Sources */,
				D0C412BD28BC94B100590712 /* MainCollectionViewTableViewController.swift in Sources */,
				D0ECEE5A28BC8F680085F554 /* AppDelegate.swift in Sources */,
				D0269F0A28BEFD95007272EE /* SectionBackgroundDecorationView.swift in Sources */,
				D0C412C028BC98F000590712 /* TextCell.swift in Sources */,
				D0C412C428BCB8FF00590712 /* ListCell.swift in Sources */,
				D0269F0828BEFD57007272EE /* SectionDecorationViewController.swift in Sources */,
				D0ECEE5C28BC8F680085F554 /* SceneDelegate.swift in Sources */,
				D0C412C228BCB8C600590712 /* DistinctSectionsViewController.swift in Sources */,
				D0DE375328BE069B00B361E2 /* SectionHeadersFootersViewController.swift in Sources */,
				D0DE375528BE06C700B361E2 /* TitleSupplementaryView.swift in Sources */,
			);
			runOnlyForDeploymentPostprocessing = 0;
		};
/* End PBXSourcesBuildPhase section */

/* Begin PBXVariantGroup section */
		D0ECEE6428BC8F690085F554 /* LaunchScreen.storyboard */ = {
			isa = PBXVariantGroup;
			children = (
				D0ECEE6528BC8F690085F554 /* Base */,
			);
			name = LaunchScreen.storyboard;
			sourceTree = "<group>";
		};
/* End PBXVariantGroup section */

/* Begin XCBuildConfiguration section */
		D0ECEE6828BC8F690085F554 /* Debug */ = {
			isa = XCBuildConfiguration;
			buildSettings = {
				ALWAYS_SEARCH_USER_PATHS = NO;
				CLANG_ANALYZER_NONNULL = YES;
				CLANG_ANALYZER_NUMBER_OBJECT_CONVERSION = YES_AGGRESSIVE;
				CLANG_CXX_LANGUAGE_STANDARD = "gnu++17";
				CLANG_ENABLE_MODULES = YES;
				CLANG_ENABLE_OBJC_ARC = YES;
				CLANG_ENABLE_OBJC_WEAK = YES;
				CLANG_WARN_BLOCK_CAPTURE_AUTORELEASING = YES;
				CLANG_WARN_BOOL_CONVERSION = YES;
				CLANG_WARN_COMMA = YES;
				CLANG_WARN_CONSTANT_CONVERSION = YES;
				CLANG_WARN_DEPRECATED_OBJC_IMPLEMENTATIONS = YES;
				CLANG_WARN_DIRECT_OBJC_ISA_USAGE = YES_ERROR;
				CLANG_WARN_DOCUMENTATION_COMMENTS = YES;
				CLANG_WARN_EMPTY_BODY = YES;
				CLANG_WARN_ENUM_CONVERSION = YES;
				CLANG_WARN_INFINITE_RECURSION = YES;
				CLANG_WARN_INT_CONVERSION = YES;
				CLANG_WARN_NON_LITERAL_NULL_CONVERSION = YES;
				CLANG_WARN_OBJC_IMPLICIT_RETAIN_SELF = YES;
				CLANG_WARN_OBJC_LITERAL_CONVERSION = YES;
				CLANG_WARN_OBJC_ROOT_CLASS = YES_ERROR;
				CLANG_WARN_QUOTED_INCLUDE_IN_FRAMEWORK_HEADER = YES;
				CLANG_WARN_RANGE_LOOP_ANALYSIS = YES;
				CLANG_WARN_STRICT_PROTOTYPES = YES;
				CLANG_WARN_SUSPICIOUS_MOVE = YES;
				CLANG_WARN_UNGUARDED_AVAILABILITY = YES_AGGRESSIVE;
				CLANG_WARN_UNREACHABLE_CODE = YES;
				CLANG_WARN__DUPLICATE_METHOD_MATCH = YES;
				COPY_PHASE_STRIP = NO;
				DEBUG_INFORMATION_FORMAT = dwarf;
				ENABLE_STRICT_OBJC_MSGSEND = YES;
				ENABLE_TESTABILITY = YES;
				GCC_C_LANGUAGE_STANDARD = gnu11;
				GCC_DYNAMIC_NO_PIC = NO;
				GCC_NO_COMMON_BLOCKS = YES;
				GCC_OPTIMIZATION_LEVEL = 0;
				GCC_PREPROCESSOR_DEFINITIONS = (
					"DEBUG=1",
					"$(inherited)",
				);
				GCC_WARN_64_TO_32_BIT_CONVERSION = YES;
				GCC_WARN_ABOUT_RETURN_TYPE = YES_ERROR;
				GCC_WARN_UNDECLARED_SELECTOR = YES;
				GCC_WARN_UNINITIALIZED_AUTOS = YES_AGGRESSIVE;
				GCC_WARN_UNUSED_FUNCTION = YES;
				GCC_WARN_UNUSED_VARIABLE = YES;
				IPHONEOS_DEPLOYMENT_TARGET = 15.5;
				MTL_ENABLE_DEBUG_INFO = INCLUDE_SOURCE;
				MTL_FAST_MATH = YES;
				ONLY_ACTIVE_ARCH = YES;
				SDKROOT = iphoneos;
				SWIFT_ACTIVE_COMPILATION_CONDITIONS = DEBUG;
				SWIFT_OPTIMIZATION_LEVEL = "-Onone";
			};
			name = Debug;
		};
		D0ECEE6928BC8F690085F554 /* Release */ = {
			isa = XCBuildConfiguration;
			buildSettings = {
				ALWAYS_SEARCH_USER_PATHS = NO;
				CLANG_ANALYZER_NONNULL = YES;
				CLANG_ANALYZER_NUMBER_OBJECT_CONVERSION = YES_AGGRESSIVE;
				CLANG_CXX_LANGUAGE_STANDARD = "gnu++17";
				CLANG_ENABLE_MODULES = YES;
				CLANG_ENABLE_OBJC_ARC = YES;
				CLANG_ENABLE_OBJC_WEAK = YES;
				CLANG_WARN_BLOCK_CAPTURE_AUTORELEASING = YES;
				CLANG_WARN_BOOL_CONVERSION = YES;
				CLANG_WARN_COMMA = YES;
				CLANG_WARN_CONSTANT_CONVERSION = YES;
				CLANG_WARN_DEPRECATED_OBJC_IMPLEMENTATIONS = YES;
				CLANG_WARN_DIRECT_OBJC_ISA_USAGE = YES_ERROR;
				CLANG_WARN_DOCUMENTATION_COMMENTS = YES;
				CLANG_WARN_EMPTY_BODY = YES;
				CLANG_WARN_ENUM_CONVERSION = YES;
				CLANG_WARN_INFINITE_RECURSION = YES;
				CLANG_WARN_INT_CONVERSION = YES;
				CLANG_WARN_NON_LITERAL_NULL_CONVERSION = YES;
				CLANG_WARN_OBJC_IMPLICIT_RETAIN_SELF = YES;
				CLANG_WARN_OBJC_LITERAL_CONVERSION = YES;
				CLANG_WARN_OBJC_ROOT_CLASS = YES_ERROR;
				CLANG_WARN_QUOTED_INCLUDE_IN_FRAMEWORK_HEADER = YES;
				CLANG_WARN_RANGE_LOOP_ANALYSIS = YES;
				CLANG_WARN_STRICT_PROTOTYPES = YES;
				CLANG_WARN_SUSPICIOUS_MOVE = YES;
				CLANG_WARN_UNGUARDED_AVAILABILITY = YES_AGGRESSIVE;
				CLANG_WARN_UNREACHABLE_CODE = YES;
				CLANG_WARN__DUPLICATE_METHOD_MATCH = YES;
				COPY_PHASE_STRIP = NO;
				DEBUG_INFORMATION_FORMAT = "dwarf-with-dsym";
				ENABLE_NS_ASSERTIONS = NO;
				ENABLE_STRICT_OBJC_MSGSEND = YES;
				GCC_C_LANGUAGE_STANDARD = gnu11;
				GCC_NO_COMMON_BLOCKS = YES;
				GCC_WARN_64_TO_32_BIT_CONVERSION = YES;
				GCC_WARN_ABOUT_RETURN_TYPE = YES_ERROR;
				GCC_WARN_UNDECLARED_SELECTOR = YES;
				GCC_WARN_UNINITIALIZED_AUTOS = YES_AGGRESSIVE;
				GCC_WARN_UNUSED_FUNCTION = YES;
				GCC_WARN_UNUSED_VARIABLE = YES;
				IPHONEOS_DEPLOYMENT_TARGET = 15.5;
				MTL_ENABLE_DEBUG_INFO = NO;
				MTL_FAST_MATH = YES;
				SDKROOT = iphoneos;
				SWIFT_COMPILATION_MODE = wholemodule;
				SWIFT_OPTIMIZATION_LEVEL = "-O";
				VALIDATE_PRODUCT = YES;
			};
			name = Release;
		};
		D0ECEE6B28BC8F690085F554 /* Debug */ = {
			isa = XCBuildConfiguration;
			buildSettings = {
				ASSETCATALOG_COMPILER_APPICON_NAME = AppIcon;
				ASSETCATALOG_COMPILER_GLOBAL_ACCENT_COLOR_NAME = AccentColor;
				CODE_SIGN_STYLE = Automatic;
				CURRENT_PROJECT_VERSION = 1;
				DEVELOPMENT_TEAM = 5H3B76C82P;
				GENERATE_INFOPLIST_FILE = YES;
				INFOPLIST_FILE = iOSTrainning/Info.plist;
				INFOPLIST_KEY_UIApplicationSupportsIndirectInputEvents = YES;
				INFOPLIST_KEY_UILaunchStoryboardName = LaunchScreen;
				INFOPLIST_KEY_UISupportedInterfaceOrientations_iPad = "UIInterfaceOrientationPortrait UIInterfaceOrientationPortraitUpsideDown UIInterfaceOrientationLandscapeLeft UIInterfaceOrientationLandscapeRight";
				INFOPLIST_KEY_UISupportedInterfaceOrientations_iPhone = "UIInterfaceOrientationPortrait UIInterfaceOrientationLandscapeLeft UIInterfaceOrientationLandscapeRight";
				LD_RUNPATH_SEARCH_PATHS = (
					"$(inherited)",
					"@executable_path/Frameworks",
				);
				MARKETING_VERSION = 1.0;
				PRODUCT_BUNDLE_IDENTIFIER = com.justin.iOSTrainning;
				PRODUCT_NAME = "$(TARGET_NAME)";
				SWIFT_EMIT_LOC_STRINGS = YES;
				SWIFT_VERSION = 5.0;
				TARGETED_DEVICE_FAMILY = "1,2";
			};
			name = Debug;
		};
		D0ECEE6C28BC8F690085F554 /* Release */ = {
			isa = XCBuildConfiguration;
			buildSettings = {
				ASSETCATALOG_COMPILER_APPICON_NAME = AppIcon;
				ASSETCATALOG_COMPILER_GLOBAL_ACCENT_COLOR_NAME = AccentColor;
				CODE_SIGN_STYLE = Automatic;
				CURRENT_PROJECT_VERSION = 1;
				DEVELOPMENT_TEAM = 5H3B76C82P;
				GENERATE_INFOPLIST_FILE = YES;
				INFOPLIST_FILE = iOSTrainning/Info.plist;
				INFOPLIST_KEY_UIApplicationSupportsIndirectInputEvents = YES;
				INFOPLIST_KEY_UILaunchStoryboardName = LaunchScreen;
				INFOPLIST_KEY_UISupportedInterfaceOrientations_iPad = "UIInterfaceOrientationPortrait UIInterfaceOrientationPortraitUpsideDown UIInterfaceOrientationLandscapeLeft UIInterfaceOrientationLandscapeRight";
				INFOPLIST_KEY_UISupportedInterfaceOrientations_iPhone = "UIInterfaceOrientationPortrait UIInterfaceOrientationLandscapeLeft UIInterfaceOrientationLandscapeRight";
				LD_RUNPATH_SEARCH_PATHS = (
					"$(inherited)",
					"@executable_path/Frameworks",
				);
				MARKETING_VERSION = 1.0;
				PRODUCT_BUNDLE_IDENTIFIER = com.justin.iOSTrainning;
				PRODUCT_NAME = "$(TARGET_NAME)";
				SWIFT_EMIT_LOC_STRINGS = YES;
				SWIFT_VERSION = 5.0;
				TARGETED_DEVICE_FAMILY = "1,2";
			};
			name = Release;
		};
/* End XCBuildConfiguration section */

/* Begin XCConfigurationList section */
		D0ECEE5128BC8F680085F554 /* Build configuration list for PBXProject "iOSTrainning" */ = {
			isa = XCConfigurationList;
			buildConfigurations = (
				D0ECEE6828BC8F690085F554 /* Debug */,
				D0ECEE6928BC8F690085F554 /* Release */,
			);
			defaultConfigurationIsVisible = 0;
			defaultConfigurationName = Release;
		};
		D0ECEE6A28BC8F690085F554 /* Build configuration list for PBXNativeTarget "iOSTrainning" */ = {
			isa = XCConfigurationList;
			buildConfigurations = (
				D0ECEE6B28BC8F690085F554 /* Debug */,
				D0ECEE6C28BC8F690085F554 /* Release */,
			);
			defaultConfigurationIsVisible = 0;
			defaultConfigurationName = Release;
		};
/* End XCConfigurationList section */
	};
	rootObject = D0ECEE4E28BC8F680085F554 /* Project object */;
}
